
Microsoft Visual Studio Solution File, Format Version 12.00
# Visual Studio 14
VisualStudioVersion = 14.0.25420.1
MinimumVisualStudioVersion = 10.0.40219.1
Project("{FAE04EC0-301F-11D3-BF4B-00C04F79EFBC}") = "Latihan_1_1", "Latihan_1_1\Latihan_1_1.csproj", "{8FC117BF-1027-488E-A2F3-E4D167C18E31}"
EndProject
Project("{FAE04EC0-301F-11D3-BF4B-00C04F79EFBC}") = "Latihan_1_2", "Latihan_1_2\Latihan_1_2.csproj", "{6285A9D4-8A77-4E0F-B3E9-4D4266D96821}"
EndProject
Project("{FAE04EC0-301F-11D3-BF4B-00C04F79EFBC}") = "Latihan_2_1", "Latihan_2_1\Latihan_2_1.csproj", "{B523D662-1AA6-4229-8B85-2E32127A2F42}"
EndProject
Project("{FAE04EC0-301F-11D3-BF4B-00C04F79EFBC}") = "Latihan_3_1", "Latihan_3_1\Latihan_3_1.csproj", "{A7910D8F-9205-4997-8CEE-993146019ADA}"
EndProject
Project("{FAE04EC0-301F-11D3-BF4B-00C04F79EFBC}") = "Latihan_4_1", "Latihan_4_1\Latihan_4_1.csproj", "{3E137024-110D-4CE0-ABA3-1008B6EAC7DD}"
EndProject
Global
	GlobalSection(SolutionConfigurationPlatforms) = preSolution
		Debug|Any CPU = Debug|Any CPU
		Release|Any CPU = Release|Any CPU
	EndGlobalSection
	GlobalSection(ProjectConfigurationPlatforms) = postSolution
		{8FC117BF-1027-488E-A2F3-E4D167C18E31}.Debug|Any CPU.ActiveCfg = Debug|Any CPU
		{8FC117BF-1027-488E-A2F3-E4D167C18E31}.Debug|Any CPU.Build.0 = Debug|Any CPU
		{8FC117BF-1027-488E-A2F3-E4D167C18E31}.Release|Any CPU.ActiveCfg = Release|Any CPU
		{8FC117BF-1027-488E-A2F3-E4D167C18E31}.Release|Any CPU.Build.0 = Release|Any CPU
		{6285A9D4-8A77-4E0F-B3E9-4D4266D96821}.Debug|Any CPU.ActiveCfg = Debug|Any CPU
		{6285A9D4-8A77-4E0F-B3E9-4D4266D96821}.Debug|Any CPU.Build.0 = Debug|Any CPU
		{6285A9D4-8A77-4E0F-B3E9-4D4266D96821}.Release|Any CPU.ActiveCfg = Release|Any CPU
		{6285A9D4-8A77-4E0F-B3E9-4D4266D96821}.Release|Any CPU.Build.0 = Release|Any CPU
		{B523D662-1AA6-4229-8B85-2E32127A2F42}.Debug|Any CPU.ActiveCfg = Debug|Any CPU
		{B523D662-1AA6-4229-8B85-2E32127A2F42}.Debug|Any CPU.Build.0 = Debug|Any CPU
		{B523D662-1AA6-4229-8B85-2E32127A2F42}.Release|Any CPU.ActiveCfg = Release|Any CPU
		{B523D662-1AA6-4229-8B85-2E32127A2F42}.Release|Any CPU.Build.0 = Release|Any CPU
		{A7910D8F-9205-4997-8CEE-993146019ADA}.Debug|Any CPU.ActiveCfg = Debug|Any CPU
		{A7910D8F-9205-4997-8CEE-993146019ADA}.Debug|Any CPU.Build.0 = Debug|Any CPU
		{A7910D8F-9205-4997-8CEE-993146019ADA}.Release|Any CPU.ActiveCfg = Release|Any CPU
		{A7910D8F-9205-4997-8CEE-993146019ADA}.Release|Any CPU.Build.0 = Release|Any CPU
		{3E137024-110D-4CE0-ABA3-1008B6EAC7DD}.Debug|Any CPU.ActiveCfg = Debug|Any CPU
		{3E137024-110D-4CE0-ABA3-1008B6EAC7DD}.Debug|Any CPU.Build.0 = Debug|Any CPU
		{3E137024-110D-4CE0-ABA3-1008B6EAC7DD}.Release|Any CPU.ActiveCfg = Release|Any CPU
		{3E137024-110D-4CE0-ABA3-1008B6EAC7DD}.Release|Any CPU.Build.0 = Release|Any CPU
	EndGlobalSection
	GlobalSection(SolutionProperties) = preSolution
		HideSolutionNode = FALSE
	EndGlobalSection
EndGlobal
